
Microsoft Visual Studio Solution File, Format Version 12.00
# Visual Studio Version 17
VisualStudioVersion = 17.5.33414.496
MinimumVisualStudioVersion = 10.0.40219.1
Project("{FAE04EC0-301F-11D3-BF4B-00C04F79EFBC}") = "UserRegistrationUsingLambda", "UserRegistrationUsingLambda.csproj", "{B69CE1C5-5454-4B11-80C8-927A73DF4483}"
EndProject
Global
	GlobalSection(SolutionConfigurationPlatforms) = preSolution
		Debug|Any CPU = Debug|Any CPU
		Release|Any CPU = Release|Any CPU
	EndGlobalSection
	GlobalSection(ProjectConfigurationPlatforms) = postSolution
		{B69CE1C5-5454-4B11-80C8-927A73DF4483}.Debug|Any CPU.ActiveCfg = Debug|Any CPU
		{B69CE1C5-5454-4B11-80C8-927A73DF4483}.Debug|Any CPU.Build.0 = Debug|Any CPU
		{B69CE1C5-5454-4B11-80C8-927A73DF4483}.Release|Any CPU.ActiveCfg = Release|Any CPU
		{B69CE1C5-5454-4B11-80C8-927A73DF4483}.Release|Any CPU.Build.0 = Release|Any CPU
	EndGlobalSection
	GlobalSection(SolutionProperties) = preSolution
		HideSolutionNode = FALSE
	EndGlobalSection
	GlobalSection(ExtensibilityGlobals) = postSolution
		SolutionGuid = {A02E44F7-D3F4-49DE-9438-7D9D71F11BDC}
	EndGlobalSection
EndGlobal
